{
  "requires": true,
  "lockfileVersion": 1,
  "dependencies": {
    "@agm/core": {
      "version": "1.0.0-beta.7",
      "resolved": "https://registry.npmjs.org/@agm/core/-/core-1.0.0-beta.7.tgz",
      "integrity": "sha512-NXJqB2wCahWGSqvQazLHbVrg3Dhg5zTdhG9yP7EVVGfIft5lbY83KLVpbYFeVI/l+ggeJWAC9nVUr7CeDS96uQ=="
    }
  }
}
